{
  "name": "thesis",
  "version": "1.0.0",
  "lockfileVersion": 1,
  "requires": true,
  "dependencies": {
    "bindery": {
      "version": "2.3.6",
      "resolved": "https://registry.npmjs.org/bindery/-/bindery-2.3.6.tgz",
      "integrity": "sha512-4/IlvvwXjIKFeN22bi7xLRjlkpY7x7MRI/W3UywpKNIwyQOybvJut6VGXmpXJS1nntEvtfMWhiYRIusVuY3HTg==",
      "requires": {
        "regionize": "^0.1.7"
      }
    },
    "regionize": {
      "version": "0.1.7",
      "resolved": "https://registry.npmjs.org/regionize/-/regionize-0.1.7.tgz",
      "integrity": "sha512-5COvFpO8I2BbCKrOqqL2VgFGTFnN6uvj+/NkPwWCv8VbJDSa9oZlbzEhFUzZDjp1oDCY8E/j8BL2IEMIC2Zeeg=="
    }
  }
}
